github.com/PeterCullenBurbery/go_functions_002 v0.7.1 h1:ftjXTl5Thf++GDSv+X9bv/4usuT0LN7bPM9h8hJmug8=
github.com/PeterCullenBurbery/go_functions_002 v0.7.1/go.mod h1:uEYgjiL/JX6eqzMaIRGtfofEz4FB1bOMlyFJ9t441Vc=
github.com/PeterCullenBurbery/go_functions_002 v0.7.2 h1:Q/mc+2bTh9DcO07vMd0psZpnBJqgxT7ZHt3yXpTtG3w=
github.com/PeterCullenBurbery/go_functions_002 v0.7.2/go.mod h1:uEYgjiL/JX6eqzMaIRGtfofEz4FB1bOMlyFJ9t441Vc=
